
Microsoft Visual Studio Solution File, Format Version 12.00
# Visual Studio 15
VisualStudioVersion = 15.0.28010.2050
MinimumVisualStudioVersion = 10.0.40219.1
Project("{FAE04EC0-301F-11D3-BF4B-00C04F79EFBC}") = "Missxel", "Missxel\Missxel.csproj", "{6C8DBA2B-8625-4128-9047-F0FAA50E1370}"
EndProject
Global
	GlobalSection(SolutionConfigurationPlatforms) = preSolution
		Debug|Any CPU = Debug|Any CPU
		Release|Any CPU = Release|Any CPU
	EndGlobalSection
	GlobalSection(ProjectConfigurationPlatforms) = postSolution
		{6C8DBA2B-8625-4128-9047-F0FAA50E1370}.Debug|Any CPU.ActiveCfg = Debug|Any CPU
		{6C8DBA2B-8625-4128-9047-F0FAA50E1370}.Debug|Any CPU.Build.0 = Debug|Any CPU
		{6C8DBA2B-8625-4128-9047-F0FAA50E1370}.Release|Any CPU.ActiveCfg = Release|Any CPU
		{6C8DBA2B-8625-4128-9047-F0FAA50E1370}.Release|Any CPU.Build.0 = Release|Any CPU
	EndGlobalSection
	GlobalSection(SolutionProperties) = preSolution
		HideSolutionNode = FALSE
	EndGlobalSection
	GlobalSection(ExtensibilityGlobals) = postSolution
		SolutionGuid = {04690658-09BF-4E99-849D-D183E1703500}
	EndGlobalSection
EndGlobal
